
Microsoft Visual Studio Solution File, Format Version 12.00
# Visual Studio Version 17
VisualStudioVersion = 17.4.33122.133
MinimumVisualStudioVersion = 10.0.40219.1
Project("{FAE04EC0-301F-11D3-BF4B-00C04F79EFBC}") = "ATM_GUI", "ATM_GUI.csproj", "{372BDEAD-790F-4F7C-82DB-B4355430D692}"
EndProject
Global
	GlobalSection(SolutionConfigurationPlatforms) = preSolution
		Debug|Any CPU = Debug|Any CPU
		Release|Any CPU = Release|Any CPU
	EndGlobalSection
	GlobalSection(ProjectConfigurationPlatforms) = postSolution
		{372BDEAD-790F-4F7C-82DB-B4355430D692}.Debug|Any CPU.ActiveCfg = Debug|Any CPU
		{372BDEAD-790F-4F7C-82DB-B4355430D692}.Debug|Any CPU.Build.0 = Debug|Any CPU
		{372BDEAD-790F-4F7C-82DB-B4355430D692}.Release|Any CPU.ActiveCfg = Release|Any CPU
		{372BDEAD-790F-4F7C-82DB-B4355430D692}.Release|Any CPU.Build.0 = Release|Any CPU
	EndGlobalSection
	GlobalSection(SolutionProperties) = preSolution
		HideSolutionNode = FALSE
	EndGlobalSection
	GlobalSection(ExtensibilityGlobals) = postSolution
		SolutionGuid = {997E98B8-A82F-47E6-8868-68BE7372D9F0}
	EndGlobalSection
EndGlobal
